dependencies:
  discovery_service:
    dependencies: []
    source:
      path: E:\vscodeespidf\projectworkspace\components-new\esp-now\discovery_service
      type: local
    version: '*'
  esp-now-comm:
    dependencies: []
    source:
      path: E:\vscodeespidf\projectworkspace\components-new\esp-now\esp-now-comm
      type: local
    version: '*'
  espressif/button:
    component_hash: f53face2ab21fa0ffaf4cf0f6e513d393f56df6586bb2ad1146120f03f19ee05
    dependencies:
    - name: espressif/cmake_utilities
      registry_url: https://components.espressif.com
      require: private
      version: '*'
    - name: idf
      require: private
      version: '>=4.0'
    source:
      registry_url: https://components.espressif.com/
      type: service
    version: 4.1.3
  espressif/cmake_utilities:
    component_hash: 05165f30922b422b4b90c08845e6d449329b97370fbd06309803d8cb539d79e3
    dependencies:
    - name: idf
      require: private
      version: '>=4.1'
    source:
      registry_url: https://components.espressif.com
      type: service
    version: 1.1.1
  idf:
    source:
      type: idf
    version: 5.4.1
  message_service:
    dependencies: []
    source:
      path: E:\vscodeespidf\projectworkspace\components-new\esp-now\message_service
      type: local
    version: '*'
  peer-registry:
    dependencies: []
    source:
      path: E:\vscodeespidf\projectworkspace\components-new\esp-now\peer-registry
      type: local
    version: '*'
  wifi-smartconfig:
    component_hash: 497d4b67bb7cb33b51f915fbabd0612e369467c57eb758b95208b33432e07268
    dependencies: []
    source:
      git: https://github.com/khiyamiftikhar/wifi-smartconfig
      path: .
      type: git
    version: c333c2c6be8d23d60b5288b7326f68e0efd87d46
direct_dependencies:
- discovery_service
- esp-now-comm
- espressif/button
- message_service
- peer-registry
- wifi-smartconfig
manifest_hash: debc73c3a13357f8f8e647a22bc80b87a256ea9e5e123c842b10b46f7a301531
target: esp32
version: 2.0.0
